
Microsoft Visual Studio Solution File, Format Version 12.00
# Visual Studio Version 16
VisualStudioVersion = 16.0.31025.194
MinimumVisualStudioVersion = 10.0.40219.1
Project("{FAE04EC0-301F-11D3-BF4B-00C04F79EFBC}") = "Volume de um galão", "Volume de um galão.csproj", "{16B55111-EA2E-41DE-9316-6BBD11B88177}"
EndProject
Global
	GlobalSection(SolutionConfigurationPlatforms) = preSolution
		Debug|Any CPU = Debug|Any CPU
		Release|Any CPU = Release|Any CPU
	EndGlobalSection
	GlobalSection(ProjectConfigurationPlatforms) = postSolution
		{16B55111-EA2E-41DE-9316-6BBD11B88177}.Debug|Any CPU.ActiveCfg = Debug|Any CPU
		{16B55111-EA2E-41DE-9316-6BBD11B88177}.Debug|Any CPU.Build.0 = Debug|Any CPU
		{16B55111-EA2E-41DE-9316-6BBD11B88177}.Release|Any CPU.ActiveCfg = Release|Any CPU
		{16B55111-EA2E-41DE-9316-6BBD11B88177}.Release|Any CPU.Build.0 = Release|Any CPU
	EndGlobalSection
	GlobalSection(SolutionProperties) = preSolution
		HideSolutionNode = FALSE
	EndGlobalSection
	GlobalSection(ExtensibilityGlobals) = postSolution
		SolutionGuid = {C7FE7364-D23C-4D29-9F31-7DD815E9FFFD}
	EndGlobalSection
EndGlobal
