
Microsoft Visual Studio Solution File, Format Version 12.00
# Visual Studio Version 16
VisualStudioVersion = 16.0.31321.278
MinimumVisualStudioVersion = 10.0.40219.1
Project("{FAE04EC0-301F-11D3-BF4B-00C04F79EFBC}") = "Inicial do cliente", "Inicial do cliente.csproj", "{422D5625-EC02-413E-A2FE-5EE0FF90C996}"
EndProject
Global
	GlobalSection(SolutionConfigurationPlatforms) = preSolution
		Debug|Any CPU = Debug|Any CPU
		Release|Any CPU = Release|Any CPU
	EndGlobalSection
	GlobalSection(ProjectConfigurationPlatforms) = postSolution
		{422D5625-EC02-413E-A2FE-5EE0FF90C996}.Debug|Any CPU.ActiveCfg = Debug|Any CPU
		{422D5625-EC02-413E-A2FE-5EE0FF90C996}.Debug|Any CPU.Build.0 = Debug|Any CPU
		{422D5625-EC02-413E-A2FE-5EE0FF90C996}.Release|Any CPU.ActiveCfg = Release|Any CPU
		{422D5625-EC02-413E-A2FE-5EE0FF90C996}.Release|Any CPU.Build.0 = Release|Any CPU
	EndGlobalSection
	GlobalSection(SolutionProperties) = preSolution
		HideSolutionNode = FALSE
	EndGlobalSection
	GlobalSection(ExtensibilityGlobals) = postSolution
		SolutionGuid = {B320359E-D995-4C1A-9903-20C62FC6881B}
	EndGlobalSection
EndGlobal
