
Microsoft Visual Studio Solution File, Format Version 12.00
# Visual Studio Version 16
VisualStudioVersion = 16.0.31424.327
MinimumVisualStudioVersion = 10.0.40219.1
Project("{FAE04EC0-301F-11D3-BF4B-00C04F79EFBC}") = "Verificando_triangulo", "Verificando_triangulo.csproj", "{40CF998A-136D-4E07-919E-270354001BFE}"
EndProject
Global
	GlobalSection(SolutionConfigurationPlatforms) = preSolution
		Debug|Any CPU = Debug|Any CPU
		Release|Any CPU = Release|Any CPU
	EndGlobalSection
	GlobalSection(ProjectConfigurationPlatforms) = postSolution
		{40CF998A-136D-4E07-919E-270354001BFE}.Debug|Any CPU.ActiveCfg = Debug|Any CPU
		{40CF998A-136D-4E07-919E-270354001BFE}.Debug|Any CPU.Build.0 = Debug|Any CPU
		{40CF998A-136D-4E07-919E-270354001BFE}.Release|Any CPU.ActiveCfg = Release|Any CPU
		{40CF998A-136D-4E07-919E-270354001BFE}.Release|Any CPU.Build.0 = Release|Any CPU
	EndGlobalSection
	GlobalSection(SolutionProperties) = preSolution
		HideSolutionNode = FALSE
	EndGlobalSection
	GlobalSection(ExtensibilityGlobals) = postSolution
		SolutionGuid = {2C02A8F7-70AB-4DD0-BA6C-15740745F7E3}
	EndGlobalSection
EndGlobal
