
Microsoft Visual Studio Solution File, Format Version 12.00
# Visual Studio Version 16
VisualStudioVersion = 16.0.31424.327
MinimumVisualStudioVersion = 10.0.40219.1
Project("{FAE04EC0-301F-11D3-BF4B-00C04F79EFBC}") = "Soma 20 numeros com potencia", "Soma 20 numeros com potencia.csproj", "{D9C88F1B-B4B6-46D3-A969-9D5CB4424AB3}"
EndProject
Global
	GlobalSection(SolutionConfigurationPlatforms) = preSolution
		Debug|Any CPU = Debug|Any CPU
		Release|Any CPU = Release|Any CPU
	EndGlobalSection
	GlobalSection(ProjectConfigurationPlatforms) = postSolution
		{D9C88F1B-B4B6-46D3-A969-9D5CB4424AB3}.Debug|Any CPU.ActiveCfg = Debug|Any CPU
		{D9C88F1B-B4B6-46D3-A969-9D5CB4424AB3}.Debug|Any CPU.Build.0 = Debug|Any CPU
		{D9C88F1B-B4B6-46D3-A969-9D5CB4424AB3}.Release|Any CPU.ActiveCfg = Release|Any CPU
		{D9C88F1B-B4B6-46D3-A969-9D5CB4424AB3}.Release|Any CPU.Build.0 = Release|Any CPU
	EndGlobalSection
	GlobalSection(SolutionProperties) = preSolution
		HideSolutionNode = FALSE
	EndGlobalSection
	GlobalSection(ExtensibilityGlobals) = postSolution
		SolutionGuid = {CF689A94-7855-412C-AD56-B765120F8D71}
	EndGlobalSection
EndGlobal
