
Microsoft Visual Studio Solution File, Format Version 12.00
# Visual Studio Version 16
VisualStudioVersion = 16.0.31025.194
MinimumVisualStudioVersion = 10.0.40219.1
Project("{FAE04EC0-301F-11D3-BF4B-00C04F79EFBC}") = "Estrutura IF Aptidão à vaga de emprego", "Estrutura IF Aptidão à vaga de emprego.csproj", "{6123825E-3B53-4328-8DF6-409C45ABE493}"
EndProject
Global
	GlobalSection(SolutionConfigurationPlatforms) = preSolution
		Debug|Any CPU = Debug|Any CPU
		Release|Any CPU = Release|Any CPU
	EndGlobalSection
	GlobalSection(ProjectConfigurationPlatforms) = postSolution
		{6123825E-3B53-4328-8DF6-409C45ABE493}.Debug|Any CPU.ActiveCfg = Debug|Any CPU
		{6123825E-3B53-4328-8DF6-409C45ABE493}.Debug|Any CPU.Build.0 = Debug|Any CPU
		{6123825E-3B53-4328-8DF6-409C45ABE493}.Release|Any CPU.ActiveCfg = Release|Any CPU
		{6123825E-3B53-4328-8DF6-409C45ABE493}.Release|Any CPU.Build.0 = Release|Any CPU
	EndGlobalSection
	GlobalSection(SolutionProperties) = preSolution
		HideSolutionNode = FALSE
	EndGlobalSection
	GlobalSection(ExtensibilityGlobals) = postSolution
		SolutionGuid = {87340A84-5ABE-4E8B-A149-470B91B83876}
	EndGlobalSection
EndGlobal
