
Microsoft Visual Studio Solution File, Format Version 12.00
# Visual Studio 14
VisualStudioVersion = 14.0.25420.1
MinimumVisualStudioVersion = 10.0.40219.1
Project("{FAE04EC0-301F-11D3-BF4B-00C04F79EFBC}") = "Calculo_num_menor_200", "Calculo_num_menor_200\Calculo_num_menor_200.csproj", "{C1FDFB12-B487-4A14-B79A-1DDE43CCB3FD}"
EndProject
Global
	GlobalSection(SolutionConfigurationPlatforms) = preSolution
		Debug|Any CPU = Debug|Any CPU
		Release|Any CPU = Release|Any CPU
	EndGlobalSection
	GlobalSection(ProjectConfigurationPlatforms) = postSolution
		{C1FDFB12-B487-4A14-B79A-1DDE43CCB3FD}.Debug|Any CPU.ActiveCfg = Debug|Any CPU
		{C1FDFB12-B487-4A14-B79A-1DDE43CCB3FD}.Debug|Any CPU.Build.0 = Debug|Any CPU
		{C1FDFB12-B487-4A14-B79A-1DDE43CCB3FD}.Release|Any CPU.ActiveCfg = Release|Any CPU
		{C1FDFB12-B487-4A14-B79A-1DDE43CCB3FD}.Release|Any CPU.Build.0 = Release|Any CPU
	EndGlobalSection
	GlobalSection(SolutionProperties) = preSolution
		HideSolutionNode = FALSE
	EndGlobalSection
EndGlobal
