
Microsoft Visual Studio Solution File, Format Version 12.00
# Visual Studio Version 16
VisualStudioVersion = 16.0.31321.278
MinimumVisualStudioVersion = 10.0.40219.1
Project("{FAE04EC0-301F-11D3-BF4B-00C04F79EFBC}") = "Verificar relacao entre numeros", "Verificar relacao entre numeros.csproj", "{C88DA4E6-2E84-4AED-BDB4-1BBAB62AEA47}"
EndProject
Global
	GlobalSection(SolutionConfigurationPlatforms) = preSolution
		Debug|Any CPU = Debug|Any CPU
		Release|Any CPU = Release|Any CPU
	EndGlobalSection
	GlobalSection(ProjectConfigurationPlatforms) = postSolution
		{C88DA4E6-2E84-4AED-BDB4-1BBAB62AEA47}.Debug|Any CPU.ActiveCfg = Debug|Any CPU
		{C88DA4E6-2E84-4AED-BDB4-1BBAB62AEA47}.Debug|Any CPU.Build.0 = Debug|Any CPU
		{C88DA4E6-2E84-4AED-BDB4-1BBAB62AEA47}.Release|Any CPU.ActiveCfg = Release|Any CPU
		{C88DA4E6-2E84-4AED-BDB4-1BBAB62AEA47}.Release|Any CPU.Build.0 = Release|Any CPU
	EndGlobalSection
	GlobalSection(SolutionProperties) = preSolution
		HideSolutionNode = FALSE
	EndGlobalSection
	GlobalSection(ExtensibilityGlobals) = postSolution
		SolutionGuid = {9EC524E5-AF06-43BF-809E-85668F22A277}
	EndGlobalSection
EndGlobal
