
Microsoft Visual Studio Solution File, Format Version 12.00
# Visual Studio Version 16
VisualStudioVersion = 16.0.31025.194
MinimumVisualStudioVersion = 10.0.40219.1
Project("{FAE04EC0-301F-11D3-BF4B-00C04F79EFBC}") = "Multiplicação de dois valores reais", "Multiplicação de dois valores reais.csproj", "{9830ECB6-34AD-4776-8700-2395C54F2AD5}"
EndProject
Global
	GlobalSection(SolutionConfigurationPlatforms) = preSolution
		Debug|Any CPU = Debug|Any CPU
		Release|Any CPU = Release|Any CPU
	EndGlobalSection
	GlobalSection(ProjectConfigurationPlatforms) = postSolution
		{9830ECB6-34AD-4776-8700-2395C54F2AD5}.Debug|Any CPU.ActiveCfg = Debug|Any CPU
		{9830ECB6-34AD-4776-8700-2395C54F2AD5}.Debug|Any CPU.Build.0 = Debug|Any CPU
		{9830ECB6-34AD-4776-8700-2395C54F2AD5}.Release|Any CPU.ActiveCfg = Release|Any CPU
		{9830ECB6-34AD-4776-8700-2395C54F2AD5}.Release|Any CPU.Build.0 = Release|Any CPU
	EndGlobalSection
	GlobalSection(SolutionProperties) = preSolution
		HideSolutionNode = FALSE
	EndGlobalSection
	GlobalSection(ExtensibilityGlobals) = postSolution
		SolutionGuid = {3E8AE88D-69CC-4D4C-92B6-2C499830375D}
	EndGlobalSection
EndGlobal
