
Microsoft Visual Studio Solution File, Format Version 12.00
# Visual Studio Version 16
VisualStudioVersion = 16.0.31313.79
MinimumVisualStudioVersion = 10.0.40219.1
Project("{FAE04EC0-301F-11D3-BF4B-00C04F79EFBC}") = "Consumo de um veículo", "Consumo de um veículo.csproj", "{056D7A06-6E2B-4F4D-8BA9-C0E5505DBEDD}"
EndProject
Global
	GlobalSection(SolutionConfigurationPlatforms) = preSolution
		Debug|Any CPU = Debug|Any CPU
		Release|Any CPU = Release|Any CPU
	EndGlobalSection
	GlobalSection(ProjectConfigurationPlatforms) = postSolution
		{056D7A06-6E2B-4F4D-8BA9-C0E5505DBEDD}.Debug|Any CPU.ActiveCfg = Debug|Any CPU
		{056D7A06-6E2B-4F4D-8BA9-C0E5505DBEDD}.Debug|Any CPU.Build.0 = Debug|Any CPU
		{056D7A06-6E2B-4F4D-8BA9-C0E5505DBEDD}.Release|Any CPU.ActiveCfg = Release|Any CPU
		{056D7A06-6E2B-4F4D-8BA9-C0E5505DBEDD}.Release|Any CPU.Build.0 = Release|Any CPU
	EndGlobalSection
	GlobalSection(SolutionProperties) = preSolution
		HideSolutionNode = FALSE
	EndGlobalSection
	GlobalSection(ExtensibilityGlobals) = postSolution
		SolutionGuid = {8B0F8749-CB96-487E-83EE-7D268AC30BF6}
	EndGlobalSection
EndGlobal
