
Microsoft Visual Studio Solution File, Format Version 12.00
# Visual Studio Version 16
VisualStudioVersion = 16.0.31025.194
MinimumVisualStudioVersion = 10.0.40219.1
Project("{FAE04EC0-301F-11D3-BF4B-00C04F79EFBC}") = "Prestacoes de um produto", "Prestacoes de um produto.csproj", "{D1B22206-07A2-4026-808E-54F9E8F002C4}"
EndProject
Global
	GlobalSection(SolutionConfigurationPlatforms) = preSolution
		Debug|Any CPU = Debug|Any CPU
		Release|Any CPU = Release|Any CPU
	EndGlobalSection
	GlobalSection(ProjectConfigurationPlatforms) = postSolution
		{D1B22206-07A2-4026-808E-54F9E8F002C4}.Debug|Any CPU.ActiveCfg = Debug|Any CPU
		{D1B22206-07A2-4026-808E-54F9E8F002C4}.Debug|Any CPU.Build.0 = Debug|Any CPU
		{D1B22206-07A2-4026-808E-54F9E8F002C4}.Release|Any CPU.ActiveCfg = Release|Any CPU
		{D1B22206-07A2-4026-808E-54F9E8F002C4}.Release|Any CPU.Build.0 = Release|Any CPU
	EndGlobalSection
	GlobalSection(SolutionProperties) = preSolution
		HideSolutionNode = FALSE
	EndGlobalSection
	GlobalSection(ExtensibilityGlobals) = postSolution
		SolutionGuid = {DDA356BA-E8CC-4C4A-A444-FFF92175ACEF}
	EndGlobalSection
EndGlobal
