
Microsoft Visual Studio Solution File, Format Version 12.00
# Visual Studio Version 16
VisualStudioVersion = 16.0.31205.134
MinimumVisualStudioVersion = 10.0.40219.1
Project("{FAE04EC0-301F-11D3-BF4B-00C04F79EFBC}") = "Desconto INSS", "Desconto INSS.csproj", "{B09FDC25-F3E7-4D13-87A8-F065753E8B49}"
EndProject
Global
	GlobalSection(SolutionConfigurationPlatforms) = preSolution
		Debug|Any CPU = Debug|Any CPU
		Release|Any CPU = Release|Any CPU
	EndGlobalSection
	GlobalSection(ProjectConfigurationPlatforms) = postSolution
		{B09FDC25-F3E7-4D13-87A8-F065753E8B49}.Debug|Any CPU.ActiveCfg = Debug|Any CPU
		{B09FDC25-F3E7-4D13-87A8-F065753E8B49}.Debug|Any CPU.Build.0 = Debug|Any CPU
		{B09FDC25-F3E7-4D13-87A8-F065753E8B49}.Release|Any CPU.ActiveCfg = Release|Any CPU
		{B09FDC25-F3E7-4D13-87A8-F065753E8B49}.Release|Any CPU.Build.0 = Release|Any CPU
	EndGlobalSection
	GlobalSection(SolutionProperties) = preSolution
		HideSolutionNode = FALSE
	EndGlobalSection
	GlobalSection(ExtensibilityGlobals) = postSolution
		SolutionGuid = {EC679F09-A91C-49B3-8FB7-8E860FF6E867}
	EndGlobalSection
EndGlobal
